// !$*UTF8*$!
{
	archiveVersion = 1;
	classes = {
	};
	objectVersion = 77;
	objects = {

/* Begin PBXBuildFile section */
		2F2863002E4971C90032B966 /* TVServices.framework in Frameworks */ = {isa = PBXBuildFile; fileRef = 2F2862FF2E4971C90032B966 /* TVServices.framework */; };
		2F2863072E4971C90032B966 /* TopShelfExtension.appex in Embed Foundation Extensions */ = {isa = PBXBuildFile; fileRef = 2F2862FD2E4971C90032B966 /* TopShelfExtension.appex */; settings = {ATTRIBUTES = (RemoveHeadersOnCopy, ); }; };
/* End PBXBuildFile section */

/* Begin PBXContainerItemProxy section */
		2F23BA7E2E1234CA005C563C /* PBXContainerItemProxy */ = {
			isa = PBXContainerItemProxy;
			containerPortal = 2F23BA652E1234C8005C563C /* Project object */;
			proxyType = 1;
			remoteGlobalIDString = 2F23BA6C2E1234C8005C563C;
			remoteInfo = "Immich Gallery";
		};
		2F23BA882E1234CA005C563C /* PBXContainerItemProxy */ = {
			isa = PBXContainerItemProxy;
			containerPortal = 2F23BA652E1234C8005C563C /* Project object */;
			proxyType = 1;
			remoteGlobalIDString = 2F23BA6C2E1234C8005C563C;
			remoteInfo = "Immich Gallery";
		};
		2F2863052E4971C90032B966 /* PBXContainerItemProxy */ = {
			isa = PBXContainerItemProxy;
			containerPortal = 2F23BA652E1234C8005C563C /* Project object */;
			proxyType = 1;
			remoteGlobalIDString = 2F2862FC2E4971C90032B966;
			remoteInfo = TopShelfExtension;
		};
/* End PBXContainerItemProxy section */

/* Begin PBXCopyFilesBuildPhase section */
		2F2863082E4971C90032B966 /* Embed Foundation Extensions */ = {
			isa = PBXCopyFilesBuildPhase;
			buildActionMask = 2147483647;
			dstPath = "";
			dstSubfolderSpec = 13;
			files = (
				2F2863072E4971C90032B966 /* TopShelfExtension.appex in Embed Foundation Extensions */,
			);
			name = "Embed Foundation Extensions";
			runOnlyForDeploymentPostprocessing = 0;
		};
/* End PBXCopyFilesBuildPhase section */

/* Begin PBXFileReference section */
		2F23BA6D2E1234C8005C563C /* Immich Gallery.app */ = {isa = PBXFileReference; explicitFileType = wrapper.application; includeInIndex = 0; path = "Immich Gallery.app"; sourceTree = BUILT_PRODUCTS_DIR; };
		2F23BA7D2E1234CA005C563C /* Immich GalleryTests.xctest */ = {isa = PBXFileReference; explicitFileType = wrapper.cfbundle; includeInIndex = 0; path = "Immich GalleryTests.xctest"; sourceTree = BUILT_PRODUCTS_DIR; };
		2F23BA872E1234CA005C563C /* Immich GalleryUITests.xctest */ = {isa = PBXFileReference; explicitFileType = wrapper.cfbundle; includeInIndex = 0; path = "Immich GalleryUITests.xctest"; sourceTree = BUILT_PRODUCTS_DIR; };
		2F2862FD2E4971C90032B966 /* TopShelfExtension.appex */ = {isa = PBXFileReference; explicitFileType = "wrapper.app-extension"; includeInIndex = 0; path = TopShelfExtension.appex; sourceTree = BUILT_PRODUCTS_DIR; };
		2F2862FF2E4971C90032B966 /* TVServices.framework */ = {isa = PBXFileReference; lastKnownFileType = wrapper.framework; name = TVServices.framework; path = System/Library/Frameworks/TVServices.framework; sourceTree = SDKROOT; };
/* End PBXFileReference section */

/* Begin PBXFileSystemSynchronizedBuildFileExceptionSet section */
		2F28630C2E4971C90032B966 /* Exceptions for "TopShelfExtension" folder in "TopShelfExtension" target */ = {
			isa = PBXFileSystemSynchronizedBuildFileExceptionSet;
			membershipExceptions = (
				Info.plist,
			);
			target = 2F2862FC2E4971C90032B966 /* TopShelfExtension */;
		};
		2F766F112E3AEC6400AEF3B2 /* Exceptions for "Immich Gallery" folder in "Immich Gallery" target */ = {
			isa = PBXFileSystemSynchronizedBuildFileExceptionSet;
			membershipExceptions = (
				"svg-icon.svg",
			);
			target = 2F23BA6C2E1234C8005C563C /* Immich Gallery */;
		};
		2FDBDAF42E4AC9DB00344677 /* Exceptions for "Shared" folder in "TopShelfExtension" target */ = {
			isa = PBXFileSystemSynchronizedBuildFileExceptionSet;
			membershipExceptions = (
				AppConstants.swift,
			);
			target = 2F2862FC2E4971C90032B966 /* TopShelfExtension */;
		};
/* End PBXFileSystemSynchronizedBuildFileExceptionSet section */

/* Begin PBXFileSystemSynchronizedRootGroup section */
		2F23BA6F2E1234C8005C563C /* Immich Gallery */ = {
			isa = PBXFileSystemSynchronizedRootGroup;
			exceptions = (
				2F766F112E3AEC6400AEF3B2 /* Exceptions for "Immich Gallery" folder in "Immich Gallery" target */,
			);
			path = "Immich Gallery";
			sourceTree = "<group>";
		};
		2F23BA802E1234CA005C563C /* Immich GalleryTests */ = {
			isa = PBXFileSystemSynchronizedRootGroup;
			path = "Immich GalleryTests";
			sourceTree = "<group>";
		};
		2F23BA8A2E1234CA005C563C /* Immich GalleryUITests */ = {
			isa = PBXFileSystemSynchronizedRootGroup;
			path = "Immich GalleryUITests";
			sourceTree = "<group>";
		};
		2F2863012E4971C90032B966 /* TopShelfExtension */ = {
			isa = PBXFileSystemSynchronizedRootGroup;
			exceptions = (
				2F28630C2E4971C90032B966 /* Exceptions for "TopShelfExtension" folder in "TopShelfExtension" target */,
			);
			path = TopShelfExtension;
			sourceTree = "<group>";
		};
		2FDBDAF32E4AC9D200344677 /* Shared */ = {
			isa = PBXFileSystemSynchronizedRootGroup;
			exceptions = (
				2FDBDAF42E4AC9DB00344677 /* Exceptions for "Shared" folder in "TopShelfExtension" target */,
			);
			path = Shared;
			sourceTree = "<group>";
		};
/* End PBXFileSystemSynchronizedRootGroup section */

/* Begin PBXFrameworksBuildPhase section */
		2F23BA6A2E1234C8005C563C /* Frameworks */ = {
			isa = PBXFrameworksBuildPhase;
			buildActionMask = 2147483647;
			files = (
			);
			runOnlyForDeploymentPostprocessing = 0;
		};
		2F23BA7A2E1234CA005C563C /* Frameworks */ = {
			isa = PBXFrameworksBuildPhase;
			buildActionMask = 2147483647;
			files = (
			);
			runOnlyForDeploymentPostprocessing = 0;
		};
		2F23BA842E1234CA005C563C /* Frameworks */ = {
			isa = PBXFrameworksBuildPhase;
			buildActionMask = 2147483647;
			files = (
			);
			runOnlyForDeploymentPostprocessing = 0;
		};
		2F2862FA2E4971C90032B966 /* Frameworks */ = {
			isa = PBXFrameworksBuildPhase;
			buildActionMask = 2147483647;
			files = (
				2F2863002E4971C90032B966 /* TVServices.framework in Frameworks */,
			);
			runOnlyForDeploymentPostprocessing = 0;
		};
/* End PBXFrameworksBuildPhase section */

/* Begin PBXGroup section */
		2F23BA642E1234C8005C563C = {
			isa = PBXGroup;
			children = (
				2FDBDAF32E4AC9D200344677 /* Shared */,
				2F23BA6F2E1234C8005C563C /* Immich Gallery */,
				2F23BA802E1234CA005C563C /* Immich GalleryTests */,
				2F23BA8A2E1234CA005C563C /* Immich GalleryUITests */,
				2F2863012E4971C90032B966 /* TopShelfExtension */,
				2F2862FE2E4971C90032B966 /* Frameworks */,
				2F23BA6E2E1234C8005C563C /* Products */,
			);
			sourceTree = "<group>";
		};
		2F23BA6E2E1234C8005C563C /* Products */ = {
			isa = PBXGroup;
			children = (
				2F23BA6D2E1234C8005C563C /* Immich Gallery.app */,
				2F23BA7D2E1234CA005C563C /* Immich GalleryTests.xctest */,
				2F23BA872E1234CA005C563C /* Immich GalleryUITests.xctest */,
				2F2862FD2E4971C90032B966 /* TopShelfExtension.appex */,
			);
			name = Products;
			sourceTree = "<group>";
		};
		2F2862FE2E4971C90032B966 /* Frameworks */ = {
			isa = PBXGroup;
			children = (
				2F2862FF2E4971C90032B966 /* TVServices.framework */,
			);
			name = Frameworks;
			sourceTree = "<group>";
		};
/* End PBXGroup section */

/* Begin PBXNativeTarget section */
		2F23BA6C2E1234C8005C563C /* Immich Gallery */ = {
			isa = PBXNativeTarget;
			buildConfigurationList = 2F23BA912E1234CA005C563C /* Build configuration list for PBXNativeTarget "Immich Gallery" */;
			buildPhases = (
				2F23BA692E1234C8005C563C /* Sources */,
				2F23BA6A2E1234C8005C563C /* Frameworks */,
				2F23BA6B2E1234C8005C563C /* Resources */,
				2F2863082E4971C90032B966 /* Embed Foundation Extensions */,
			);
			buildRules = (
			);
			dependencies = (
				2F2863062E4971C90032B966 /* PBXTargetDependency */,
			);
			fileSystemSynchronizedGroups = (
				2F23BA6F2E1234C8005C563C /* Immich Gallery */,
				2FDBDAF32E4AC9D200344677 /* Shared */,
			);
			name = "Immich Gallery";
			packageProductDependencies = (
			);
			productName = "Immich Gallery";
			productReference = 2F23BA6D2E1234C8005C563C /* Immich Gallery.app */;
			productType = "com.apple.product-type.application";
		};
		2F23BA7C2E1234CA005C563C /* Immich GalleryTests */ = {
			isa = PBXNativeTarget;
			buildConfigurationList = 2F23BA942E1234CA005C563C /* Build configuration list for PBXNativeTarget "Immich GalleryTests" */;
			buildPhases = (
				2F23BA792E1234CA005C563C /* Sources */,
				2F23BA7A2E1234CA005C563C /* Frameworks */,
				2F23BA7B2E1234CA005C563C /* Resources */,
			);
			buildRules = (
			);
			dependencies = (
				2F23BA7F2E1234CA005C563C /* PBXTargetDependency */,
			);
			fileSystemSynchronizedGroups = (
				2F23BA802E1234CA005C563C /* Immich GalleryTests */,
			);
			name = "Immich GalleryTests";
			packageProductDependencies = (
			);
			productName = "Immich GalleryTests";
			productReference = 2F23BA7D2E1234CA005C563C /* Immich GalleryTests.xctest */;
			productType = "com.apple.product-type.bundle.unit-test";
		};
		2F23BA862E1234CA005C563C /* Immich GalleryUITests */ = {
			isa = PBXNativeTarget;
			buildConfigurationList = 2F23BA972E1234CA005C563C /* Build configuration list for PBXNativeTarget "Immich GalleryUITests" */;
			buildPhases = (
				2F23BA832E1234CA005C563C /* Sources */,
				2F23BA842E1234CA005C563C /* Frameworks */,
				2F23BA852E1234CA005C563C /* Resources */,
			);
			buildRules = (
			);
			dependencies = (
				2F23BA892E1234CA005C563C /* PBXTargetDependency */,
			);
			fileSystemSynchronizedGroups = (
				2F23BA8A2E1234CA005C563C /* Immich GalleryUITests */,
			);
			name = "Immich GalleryUITests";
			packageProductDependencies = (
			);
			productName = "Immich GalleryUITests";
			productReference = 2F23BA872E1234CA005C563C /* Immich GalleryUITests.xctest */;
			productType = "com.apple.product-type.bundle.ui-testing";
		};
		2F2862FC2E4971C90032B966 /* TopShelfExtension */ = {
			isa = PBXNativeTarget;
			buildConfigurationList = 2F28630B2E4971C90032B966 /* Build configuration list for PBXNativeTarget "TopShelfExtension" */;
			buildPhases = (
				2F2862F92E4971C90032B966 /* Sources */,
				2F2862FA2E4971C90032B966 /* Frameworks */,
				2F2862FB2E4971C90032B966 /* Resources */,
			);
			buildRules = (
			);
			dependencies = (
			);
			fileSystemSynchronizedGroups = (
				2F2863012E4971C90032B966 /* TopShelfExtension */,
			);
			name = TopShelfExtension;
			packageProductDependencies = (
			);
			productName = TopShelfExtension;
			productReference = 2F2862FD2E4971C90032B966 /* TopShelfExtension.appex */;
			productType = "com.apple.product-type.app-extension";
		};
/* End PBXNativeTarget section */

/* Begin PBXProject section */
		2F23BA652E1234C8005C563C /* Project object */ = {
			isa = PBXProject;
			attributes = {
				BuildIndependentTargetsInParallel = 1;
				LastSwiftUpdateCheck = 1620;
				LastUpgradeCheck = 1620;
				TargetAttributes = {
					2F23BA6C2E1234C8005C563C = {
						CreatedOnToolsVersion = 16.2;
					};
					2F23BA7C2E1234CA005C563C = {
						CreatedOnToolsVersion = 16.2;
						TestTargetID = 2F23BA6C2E1234C8005C563C;
					};
					2F23BA862E1234CA005C563C = {
						CreatedOnToolsVersion = 16.2;
						TestTargetID = 2F23BA6C2E1234C8005C563C;
					};
					2F2862FC2E4971C90032B966 = {
						CreatedOnToolsVersion = 16.2;
					};
				};
			};
			buildConfigurationList = 2F23BA682E1234C8005C563C /* Build configuration list for PBXProject "Immich Gallery" */;
			developmentRegion = en;
			hasScannedForEncodings = 0;
			knownRegions = (
				en,
				Base,
			);
			mainGroup = 2F23BA642E1234C8005C563C;
			minimizedProjectReferenceProxies = 1;
			preferredProjectObjectVersion = 77;
			productRefGroup = 2F23BA6E2E1234C8005C563C /* Products */;
			projectDirPath = "";
			projectRoot = "";
			targets = (
				2F23BA6C2E1234C8005C563C /* Immich Gallery */,
				2F23BA7C2E1234CA005C563C /* Immich GalleryTests */,
				2F23BA862E1234CA005C563C /* Immich GalleryUITests */,
				2F2862FC2E4971C90032B966 /* TopShelfExtension */,
			);
		};
/* End PBXProject section */

/* Begin PBXResourcesBuildPhase section */
		2F23BA6B2E1234C8005C563C /* Resources */ = {
			isa = PBXResourcesBuildPhase;
			buildActionMask = 2147483647;
			files = (
			);
			runOnlyForDeploymentPostprocessing = 0;
		};
		2F23BA7B2E1234CA005C563C /* Resources */ = {
			isa = PBXResourcesBuildPhase;
			buildActionMask = 2147483647;
			files = (
			);
			runOnlyForDeploymentPostprocessing = 0;
		};
		2F23BA852E1234CA005C563C /* Resources */ = {
			isa = PBXResourcesBuildPhase;
			buildActionMask = 2147483647;
			files = (
			);
			runOnlyForDeploymentPostprocessing = 0;
		};
		2F2862FB2E4971C90032B966 /* Resources */ = {
			isa = PBXResourcesBuildPhase;
			buildActionMask = 2147483647;
			files = (
			);
			runOnlyForDeploymentPostprocessing = 0;
		};
/* End PBXResourcesBuildPhase section */

/* Begin PBXSourcesBuildPhase section */
		2F23BA692E1234C8005C563C /* Sources */ = {
			isa = PBXSourcesBuildPhase;
			buildActionMask = 2147483647;
			files = (
			);
			runOnlyForDeploymentPostprocessing = 0;
		};
		2F23BA792E1234CA005C563C /* Sources */ = {
			isa = PBXSourcesBuildPhase;
			buildActionMask = 2147483647;
			files = (
			);
			runOnlyForDeploymentPostprocessing = 0;
		};
		2F23BA832E1234CA005C563C /* Sources */ = {
			isa = PBXSourcesBuildPhase;
			buildActionMask = 2147483647;
			files = (
			);
			runOnlyForDeploymentPostprocessing = 0;
		};
		2F2862F92E4971C90032B966 /* Sources */ = {
			isa = PBXSourcesBuildPhase;
			buildActionMask = 2147483647;
			files = (
			);
			runOnlyForDeploymentPostprocessing = 0;
		};
/* End PBXSourcesBuildPhase section */

/* Begin PBXTargetDependency section */
		2F23BA7F2E1234CA005C563C /* PBXTargetDependency */ = {
			isa = PBXTargetDependency;
			target = 2F23BA6C2E1234C8005C563C /* Immich Gallery */;
			targetProxy = 2F23BA7E2E1234CA005C563C /* PBXContainerItemProxy */;
		};
		2F23BA892E1234CA005C563C /* PBXTargetDependency */ = {
			isa = PBXTargetDependency;
			target = 2F23BA6C2E1234C8005C563C /* Immich Gallery */;
			targetProxy = 2F23BA882E1234CA005C563C /* PBXContainerItemProxy */;
		};
		2F2863062E4971C90032B966 /* PBXTargetDependency */ = {
			isa = PBXTargetDependency;
			target = 2F2862FC2E4971C90032B966 /* TopShelfExtension */;
			targetProxy = 2F2863052E4971C90032B966 /* PBXContainerItemProxy */;
		};
/* End PBXTargetDependency section */

/* Begin XCBuildConfiguration section */
		2F23BA8F2E1234CA005C563C /* Debug */ = {
			isa = XCBuildConfiguration;
			buildSettings = {
				ALWAYS_SEARCH_USER_PATHS = NO;
				ASSETCATALOG_COMPILER_GENERATE_SWIFT_ASSET_SYMBOL_EXTENSIONS = YES;
				CLANG_ANALYZER_NONNULL = YES;
				CLANG_ANALYZER_NUMBER_OBJECT_CONVERSION = YES_AGGRESSIVE;
				CLANG_CXX_LANGUAGE_STANDARD = "gnu++20";
				CLANG_ENABLE_MODULES = YES;
				CLANG_ENABLE_OBJC_ARC = YES;
				CLANG_ENABLE_OBJC_WEAK = YES;
				CLANG_WARN_BLOCK_CAPTURE_AUTORELEASING = YES;
				CLANG_WARN_BOOL_CONVERSION = YES;
				CLANG_WARN_COMMA = YES;
				CLANG_WARN_CONSTANT_CONVERSION = YES;
				CLANG_WARN_DEPRECATED_OBJC_IMPLEMENTATIONS = YES;
				CLANG_WARN_DIRECT_OBJC_ISA_USAGE = YES_ERROR;
				CLANG_WARN_DOCUMENTATION_COMMENTS = YES;
				CLANG_WARN_EMPTY_BODY = YES;
				CLANG_WARN_ENUM_CONVERSION = YES;
				CLANG_WARN_INFINITE_RECURSION = YES;
				CLANG_WARN_INT_CONVERSION = YES;
				CLANG_WARN_NON_LITERAL_NULL_CONVERSION = YES;
				CLANG_WARN_OBJC_IMPLICIT_RETAIN_SELF = YES;
				CLANG_WARN_OBJC_LITERAL_CONVERSION = YES;
				CLANG_WARN_OBJC_ROOT_CLASS = YES_ERROR;
				CLANG_WARN_QUOTED_INCLUDE_IN_FRAMEWORK_HEADER = YES;
				CLANG_WARN_RANGE_LOOP_ANALYSIS = YES;
				CLANG_WARN_STRICT_PROTOTYPES = YES;
				CLANG_WARN_SUSPICIOUS_MOVE = YES;
				CLANG_WARN_UNGUARDED_AVAILABILITY = YES_AGGRESSIVE;
				CLANG_WARN_UNREACHABLE_CODE = YES;
				CLANG_WARN__DUPLICATE_METHOD_MATCH = YES;
				COPY_PHASE_STRIP = NO;
				DEBUG_INFORMATION_FORMAT = dwarf;
				ENABLE_STRICT_OBJC_MSGSEND = YES;
				ENABLE_TESTABILITY = YES;
				ENABLE_USER_SCRIPT_SANDBOXING = YES;
				GCC_C_LANGUAGE_STANDARD = gnu17;
				GCC_DYNAMIC_NO_PIC = NO;
				GCC_NO_COMMON_BLOCKS = YES;
				GCC_OPTIMIZATION_LEVEL = 0;
				GCC_PREPROCESSOR_DEFINITIONS = (
					"DEBUG=1",
					"$(inherited)",
				);
				GCC_WARN_64_TO_32_BIT_CONVERSION = YES;
				GCC_WARN_ABOUT_RETURN_TYPE = YES_ERROR;
				GCC_WARN_UNDECLARED_SELECTOR = YES;
				GCC_WARN_UNINITIALIZED_AUTOS = YES_AGGRESSIVE;
				GCC_WARN_UNUSED_FUNCTION = YES;
				GCC_WARN_UNUSED_VARIABLE = YES;
				LOCALIZATION_PREFERS_STRING_CATALOGS = YES;
				MTL_ENABLE_DEBUG_INFO = INCLUDE_SOURCE;
				MTL_FAST_MATH = YES;
				ONLY_ACTIVE_ARCH = YES;
				SDKROOT = appletvos;
				SWIFT_ACTIVE_COMPILATION_CONDITIONS = "DEBUG $(inherited)";
				SWIFT_OPTIMIZATION_LEVEL = "-Onone";
				TVOS_DEPLOYMENT_TARGET = 18.2;
			};
			name = Debug;
		};
		2F23BA902E1234CA005C563C /* Release */ = {
			isa = XCBuildConfiguration;
			buildSettings = {
				ALWAYS_SEARCH_USER_PATHS = NO;
				ASSETCATALOG_COMPILER_GENERATE_SWIFT_ASSET_SYMBOL_EXTENSIONS = YES;
				CLANG_ANALYZER_NONNULL = YES;
				CLANG_ANALYZER_NUMBER_OBJECT_CONVERSION = YES_AGGRESSIVE;
				CLANG_CXX_LANGUAGE_STANDARD = "gnu++20";
				CLANG_ENABLE_MODULES = YES;
				CLANG_ENABLE_OBJC_ARC = YES;
				CLANG_ENABLE_OBJC_WEAK = YES;
				CLANG_WARN_BLOCK_CAPTURE_AUTORELEASING = YES;
				CLANG_WARN_BOOL_CONVERSION = YES;
				CLANG_WARN_COMMA = YES;
				CLANG_WARN_CONSTANT_CONVERSION = YES;
				CLANG_WARN_DEPRECATED_OBJC_IMPLEMENTATIONS = YES;
				CLANG_WARN_DIRECT_OBJC_ISA_USAGE = YES_ERROR;
				CLANG_WARN_DOCUMENTATION_COMMENTS = YES;
				CLANG_WARN_EMPTY_BODY = YES;
				CLANG_WARN_ENUM_CONVERSION = YES;
				CLANG_WARN_INFINITE_RECURSION = YES;
				CLANG_WARN_INT_CONVERSION = YES;
				CLANG_WARN_NON_LITERAL_NULL_CONVERSION = YES;
				CLANG_WARN_OBJC_IMPLICIT_RETAIN_SELF = YES;
				CLANG_WARN_OBJC_LITERAL_CONVERSION = YES;
				CLANG_WARN_OBJC_ROOT_CLASS = YES_ERROR;
				CLANG_WARN_QUOTED_INCLUDE_IN_FRAMEWORK_HEADER = YES;
				CLANG_WARN_RANGE_LOOP_ANALYSIS = YES;
				CLANG_WARN_STRICT_PROTOTYPES = YES;
				CLANG_WARN_SUSPICIOUS_MOVE = YES;
				CLANG_WARN_UNGUARDED_AVAILABILITY = YES_AGGRESSIVE;
				CLANG_WARN_UNREACHABLE_CODE = YES;
				CLANG_WARN__DUPLICATE_METHOD_MATCH = YES;
				COPY_PHASE_STRIP = NO;
				DEBUG_INFORMATION_FORMAT = "dwarf-with-dsym";
				ENABLE_NS_ASSERTIONS = NO;
				ENABLE_STRICT_OBJC_MSGSEND = YES;
				ENABLE_USER_SCRIPT_SANDBOXING = YES;
				GCC_C_LANGUAGE_STANDARD = gnu17;
				GCC_NO_COMMON_BLOCKS = YES;
				GCC_WARN_64_TO_32_BIT_CONVERSION = YES;
				GCC_WARN_ABOUT_RETURN_TYPE = YES_ERROR;
				GCC_WARN_UNDECLARED_SELECTOR = YES;
				GCC_WARN_UNINITIALIZED_AUTOS = YES_AGGRESSIVE;
				GCC_WARN_UNUSED_FUNCTION = YES;
				GCC_WARN_UNUSED_VARIABLE = YES;
				LOCALIZATION_PREFERS_STRING_CATALOGS = YES;
				MTL_ENABLE_DEBUG_INFO = NO;
				MTL_FAST_MATH = YES;
				SDKROOT = appletvos;
				SWIFT_COMPILATION_MODE = wholemodule;
				TVOS_DEPLOYMENT_TARGET = 18.2;
				VALIDATE_PRODUCT = YES;
			};
			name = Release;
		};
		2F23BA922E1234CA005C563C /* Debug */ = {
			isa = XCBuildConfiguration;
			buildSettings = {
				ASSETCATALOG_COMPILER_APPICON_NAME = "App Icon & Top Shelf Image";
				ASSETCATALOG_COMPILER_GLOBAL_ACCENT_COLOR_NAME = AccentColor;
				ASSETCATALOG_COMPILER_INCLUDE_ALL_APPICON_ASSETS = NO;
				CODE_SIGN_ENTITLEMENTS = "Immich Gallery/Immich Gallery.entitlements";
				CODE_SIGN_STYLE = Automatic;
				CURRENT_PROJECT_VERSION = 1;
				DEVELOPMENT_ASSET_PATHS = "\"Immich Gallery/Preview Content\"";
				DEVELOPMENT_TEAM = 2F58933V55;
				ENABLE_PREVIEWS = YES;
				GENERATE_INFOPLIST_FILE = YES;
				INFOPLIST_FILE = "Immich-Gallery-Info.plist";
				INFOPLIST_KEY_UILaunchScreen_Generation = YES;
				INFOPLIST_KEY_UIUserInterfaceStyle = Automatic;
				LD_RUNPATH_SEARCH_PATHS = (
					"$(inherited)",
					"@executable_path/Frameworks",
				);
				MARKETING_VERSION = 1.0.13;
				PRODUCT_BUNDLE_IDENTIFIER = "com.sanketh.dev.Immich-Gallery";
				PRODUCT_NAME = "$(TARGET_NAME)";
				SWIFT_EMIT_LOC_STRINGS = YES;
				SWIFT_VERSION = 5.0;
				TARGETED_DEVICE_FAMILY = 3;
			};
			name = Debug;
		};
		2F23BA932E1234CA005C563C /* Release */ = {
			isa = XCBuildConfiguration;
			buildSettings = {
				ASSETCATALOG_COMPILER_APPICON_NAME = "App Icon & Top Shelf Image";
				ASSETCATALOG_COMPILER_GLOBAL_ACCENT_COLOR_NAME = AccentColor;
				ASSETCATALOG_COMPILER_INCLUDE_ALL_APPICON_ASSETS = NO;
				CODE_SIGN_ENTITLEMENTS = "Immich Gallery/Immich Gallery.entitlements";
				CODE_SIGN_STYLE = Automatic;
				CURRENT_PROJECT_VERSION = 1;
				DEVELOPMENT_ASSET_PATHS = "\"Immich Gallery/Preview Content\"";
				DEVELOPMENT_TEAM = 2F58933V55;
				ENABLE_PREVIEWS = YES;
				GENERATE_INFOPLIST_FILE = YES;
				INFOPLIST_FILE = "Immich-Gallery-Info.plist";
				INFOPLIST_KEY_UILaunchScreen_Generation = YES;
				INFOPLIST_KEY_UIUserInterfaceStyle = Automatic;
				LD_RUNPATH_SEARCH_PATHS = (
					"$(inherited)",
					"@executable_path/Frameworks",
				);
				MARKETING_VERSION = 1.0.13;
				PRODUCT_BUNDLE_IDENTIFIER = "com.sanketh.dev.Immich-Gallery";
				PRODUCT_NAME = "$(TARGET_NAME)";
				SWIFT_EMIT_LOC_STRINGS = YES;
				SWIFT_VERSION = 5.0;
				TARGETED_DEVICE_FAMILY = 3;
			};
			name = Release;
		};
		2F23BA952E1234CA005C563C /* Debug */ = {
			isa = XCBuildConfiguration;
			buildSettings = {
				BUNDLE_LOADER = "$(TEST_HOST)";
				CODE_SIGN_STYLE = Automatic;
				CURRENT_PROJECT_VERSION = 1;
				DEVELOPMENT_TEAM = 2F58933V55;
				GENERATE_INFOPLIST_FILE = YES;
				MARKETING_VERSION = 1.0;
				PRODUCT_BUNDLE_IDENTIFIER = "com.mensadi.Immich-GalleryTests";
				PRODUCT_NAME = "$(TARGET_NAME)";
				SWIFT_EMIT_LOC_STRINGS = NO;
				SWIFT_VERSION = 5.0;
				TARGETED_DEVICE_FAMILY = 3;
				TEST_HOST = "$(BUILT_PRODUCTS_DIR)/Immich Gallery.app/$(BUNDLE_EXECUTABLE_FOLDER_PATH)/Immich Gallery";
				TVOS_DEPLOYMENT_TARGET = 18.2;
			};
			name = Debug;
		};
		2F23BA962E1234CA005C563C /* Release */ = {
			isa = XCBuildConfiguration;
			buildSettings = {
				BUNDLE_LOADER = "$(TEST_HOST)";
				CODE_SIGN_STYLE = Automatic;
				CURRENT_PROJECT_VERSION = 1;
				DEVELOPMENT_TEAM = 2F58933V55;
				GENERATE_INFOPLIST_FILE = YES;
				MARKETING_VERSION = 1.0;
				PRODUCT_BUNDLE_IDENTIFIER = "com.mensadi.Immich-GalleryTests";
				PRODUCT_NAME = "$(TARGET_NAME)";
				SWIFT_EMIT_LOC_STRINGS = NO;
				SWIFT_VERSION = 5.0;
				TARGETED_DEVICE_FAMILY = 3;
				TEST_HOST = "$(BUILT_PRODUCTS_DIR)/Immich Gallery.app/$(BUNDLE_EXECUTABLE_FOLDER_PATH)/Immich Gallery";
				TVOS_DEPLOYMENT_TARGET = 18.2;
			};
			name = Release;
		};
		2F23BA982E1234CA005C563C /* Debug */ = {
			isa = XCBuildConfiguration;
			buildSettings = {
				CODE_SIGN_STYLE = Automatic;
				CURRENT_PROJECT_VERSION = 1;
				DEVELOPMENT_TEAM = 2F58933V55;
				GENERATE_INFOPLIST_FILE = YES;
				MARKETING_VERSION = 1.0;
				PRODUCT_BUNDLE_IDENTIFIER = "com.mensadi.Immich-GalleryUITests";
				PRODUCT_NAME = "$(TARGET_NAME)";
				SWIFT_EMIT_LOC_STRINGS = NO;
				SWIFT_VERSION = 5.0;
				TARGETED_DEVICE_FAMILY = 3;
				TEST_TARGET_NAME = "Immich Gallery";
			};
			name = Debug;
		};
		2F23BA992E1234CA005C563C /* Release */ = {
			isa = XCBuildConfiguration;
			buildSettings = {
				CODE_SIGN_STYLE = Automatic;
				CURRENT_PROJECT_VERSION = 1;
				DEVELOPMENT_TEAM = 2F58933V55;
				GENERATE_INFOPLIST_FILE = YES;
				MARKETING_VERSION = 1.0;
				PRODUCT_BUNDLE_IDENTIFIER = "com.mensadi.Immich-GalleryUITests";
				PRODUCT_NAME = "$(TARGET_NAME)";
				SWIFT_EMIT_LOC_STRINGS = NO;
				SWIFT_VERSION = 5.0;
				TARGETED_DEVICE_FAMILY = 3;
				TEST_TARGET_NAME = "Immich Gallery";
			};
			name = Release;
		};
		2F2863092E4971C90032B966 /* Debug */ = {
			isa = XCBuildConfiguration;
			buildSettings = {
				CODE_SIGN_ENTITLEMENTS = TopShelfExtension/TopShelfExtension.entitlements;
				CODE_SIGN_STYLE = Automatic;
				CURRENT_PROJECT_VERSION = 1;
				DEVELOPMENT_TEAM = 2F58933V55;
				GENERATE_INFOPLIST_FILE = YES;
				INFOPLIST_FILE = TopShelfExtension/Info.plist;
				INFOPLIST_KEY_CFBundleDisplayName = TopShelfExtension;
				INFOPLIST_KEY_NSHumanReadableCopyright = "";
				LD_RUNPATH_SEARCH_PATHS = (
					"$(inherited)",
					"@executable_path/Frameworks",
					"@executable_path/../../Frameworks",
				);
				MARKETING_VERSION = 1.0.13;
				PRODUCT_BUNDLE_IDENTIFIER = "com.sanketh.dev.Immich-Gallery.TopShelfExtension";
				PRODUCT_NAME = "$(TARGET_NAME)";
				SKIP_INSTALL = YES;
				SWIFT_EMIT_LOC_STRINGS = YES;
				SWIFT_VERSION = 5.0;
				TARGETED_DEVICE_FAMILY = 3;
			};
			name = Debug;
		};
		2F28630A2E4971C90032B966 /* Release */ = {
			isa = XCBuildConfiguration;
			buildSettings = {
				CODE_SIGN_ENTITLEMENTS = TopShelfExtension/TopShelfExtension.entitlements;
				CODE_SIGN_STYLE = Automatic;
				CURRENT_PROJECT_VERSION = 1;
				DEVELOPMENT_TEAM = 2F58933V55;
				GENERATE_INFOPLIST_FILE = YES;
				INFOPLIST_FILE = TopShelfExtension/Info.plist;
				INFOPLIST_KEY_CFBundleDisplayName = TopShelfExtension;
				INFOPLIST_KEY_NSHumanReadableCopyright = "";
				LD_RUNPATH_SEARCH_PATHS = (
					"$(inherited)",
					"@executable_path/Frameworks",
					"@executable_path/../../Frameworks",
				);
				MARKETING_VERSION = 1.0.13;
				PRODUCT_BUNDLE_IDENTIFIER = "com.sanketh.dev.Immich-Gallery.TopShelfExtension";
				PRODUCT_NAME = "$(TARGET_NAME)";
				SKIP_INSTALL = YES;
				SWIFT_EMIT_LOC_STRINGS = YES;
				SWIFT_VERSION = 5.0;
				TARGETED_DEVICE_FAMILY = 3;
			};
			name = Release;
		};
/* End XCBuildConfiguration section */

/* Begin XCConfigurationList section */
		2F23BA682E1234C8005C563C /* Build configuration list for PBXProject "Immich Gallery" */ = {
			isa = XCConfigurationList;
			buildConfigurations = (
				2F23BA8F2E1234CA005C563C /* Debug */,
				2F23BA902E1234CA005C563C /* Release */,
			);
			defaultConfigurationIsVisible = 0;
			defaultConfigurationName = Release;
		};
		2F23BA912E1234CA005C563C /* Build configuration list for PBXNativeTarget "Immich Gallery" */ = {
			isa = XCConfigurationList;
			buildConfigurations = (
				2F23BA922E1234CA005C563C /* Debug */,
				2F23BA932E1234CA005C563C /* Release */,
			);
			defaultConfigurationIsVisible = 0;
			defaultConfigurationName = Release;
		};
		2F23BA942E1234CA005C563C /* Build configuration list for PBXNativeTarget "Immich GalleryTests" */ = {
			isa = XCConfigurationList;
			buildConfigurations = (
				2F23BA952E1234CA005C563C /* Debug */,
				2F23BA962E1234CA005C563C /* Release */,
			);
			defaultConfigurationIsVisible = 0;
			defaultConfigurationName = Release;
		};
		2F23BA972E1234CA005C563C /* Build configuration list for PBXNativeTarget "Immich GalleryUITests" */ = {
			isa = XCConfigurationList;
			buildConfigurations = (
				2F23BA982E1234CA005C563C /* Debug */,
				2F23BA992E1234CA005C563C /* Release */,
			);
			defaultConfigurationIsVisible = 0;
			defaultConfigurationName = Release;
		};
		2F28630B2E4971C90032B966 /* Build configuration list for PBXNativeTarget "TopShelfExtension" */ = {
			isa = XCConfigurationList;
			buildConfigurations = (
				2F2863092E4971C90032B966 /* Debug */,
				2F28630A2E4971C90032B966 /* Release */,
			);
			defaultConfigurationIsVisible = 0;
			defaultConfigurationName = Release;
		};
/* End XCConfigurationList section */
	};
	rootObject = 2F23BA652E1234C8005C563C /* Project object */;
}
